<?xml version="1.0" encoding="utf-8"?>
<Project ToolsVersion="4.0" xmlns="http://schemas.microsoft.com/developer/msbuild/2003">
  <ItemGroup>
    <Filter Include="Resource Files">
      <UniqueIdentifier>{67DA6AB6-F800-4c08-8B7A-83BB121AAD01}</UniqueIdentifier>
      <Extensions>rc;ico;cur;bmp;dlg;rc2;rct;bin;rgs;gif;jpg;jpeg;jpe;resx;tiff;tif;png;wav;mfcribbon-ms</Extensions>
    </Filter>
    <Filter Include="Core">
      <UniqueIdentifier>{b44cc2f2-2c73-4105-8454-641a262f8ff6}</UniqueIdentifier>
    </Filter>
    <Filter Include="Managers">
      <UniqueIdentifier>{1290fe97-7c0b-4b86-ab91-a88bc41415c1}</UniqueIdentifier>
    </Filter>
    <Filter Include="Objects">
      <UniqueIdentifier>{8c836ef2-4673-4878-a75f-e74b765cd45b}</UniqueIdentifier>
    </Filter>
    <Filter Include="States">
      <UniqueIdentifier>{a8765082-3279-40e4-9cc5-528656cca7fc}</UniqueIdentifier>
    </Filter>
  </ItemGroup>
  <ItemGroup>
    <ClCompile Include="Engine.cpp">
      <Filter>Core</Filter>
    </ClCompile>
    <ClCompile Include="Main.cpp">
      <Filter>Core</Filter>
    </ClCompile>
    <ClCompile Include="CollisionManager.cpp">
      <Filter>Managers</Filter>
    </ClCompile>
    <ClCompile Include="EventManager.cpp">
      <Filter>Managers</Filter>
    </ClCompile>
    <ClCompile Include="MathManager.cpp">
      <Filter>Managers</Filter>
    </ClCompile>
    <ClCompile Include="SoundManager.cpp">
      <Filter>Managers</Filter>
    </ClCompile>
    <ClCompile Include="StateManager.cpp">
      <Filter>Managers</Filter>
    </ClCompile>
    <ClCompile Include="TextureManager.cpp">
      <Filter>Managers</Filter>
    </ClCompile>
    <ClCompile Include="Button3.cpp">
      <Filter>Objects</Filter>
    </ClCompile>
    <ClCompile Include="Primitives.cpp">
      <Filter>Objects</Filter>
    </ClCompile>
    <ClCompile Include="States.cpp">
      <Filter>States</Filter>
    </ClCompile>
    <ClCompile Include="PlatformPlayer.cpp">
      <Filter>Objects</Filter>
    </ClCompile>
    <ClCompile Include="FontManager.cpp">
      <Filter>Managers</Filter>
    </ClCompile>
    <ClCompile Include="Timer.cpp">
      <Filter>Objects</Filter>
    </ClCompile>
    <ClCompile Include="Obstacles.cpp">
      <Filter>Objects</Filter>
    </ClCompile>
    <ClCompile Include="Background.cpp">
      <Filter>Objects</Filter>
    </ClCompile>
  </ItemGroup>
  <ItemGroup>
    <ClInclude Include="Engine.h">
      <Filter>Core</Filter>
    </ClInclude>
    <ClInclude Include="CollisionManager.h">
      <Filter>Managers</Filter>
    </ClInclude>
    <ClInclude Include="EventManager.h">
      <Filter>Managers</Filter>
    </ClInclude>
    <ClInclude Include="MathManager.h">
      <Filter>Managers</Filter>
    </ClInclude>
    <ClInclude Include="SoundManager.h">
      <Filter>Managers</Filter>
    </ClInclude>
    <ClInclude Include="StateManager.h">
      <Filter>Managers</Filter>
    </ClInclude>
    <ClInclude Include="TextureManager.h">
      <Filter>Managers</Filter>
    </ClInclude>
    <ClInclude Include="Button3.h">
      <Filter>Objects</Filter>
    </ClInclude>
    <ClInclude Include="GameObject.h">
      <Filter>Objects</Filter>
    </ClInclude>
    <ClInclude Include="Primitives.h">
      <Filter>Objects</Filter>
    </ClInclude>
    <ClInclude Include="States.h">
      <Filter>States</Filter>
    </ClInclude>
    <ClInclude Include="PlatformPlayer.h">
      <Filter>Objects</Filter>
    </ClInclude>
    <ClInclude Include="FontManager.h">
      <Filter>Managers</Filter>
    </ClInclude>
    <ClInclude Include="Timer.h">
      <Filter>Objects</Filter>
    </ClInclude>
    <ClInclude Include="Obstacles.h">
      <Filter>Objects</Filter>
    </ClInclude>
    <ClInclude Include="Background.h">
      <Filter>Objects</Filter>
    </ClInclude>
  </ItemGroup>
  <ItemGroup>
    <Image Include="Img\button.png">
      <Filter>Resource Files</Filter>
    </Image>
    <Image Include="Img\Player.png">
      <Filter>Resource Files</Filter>
    </Image>
    <Image Include="Img\Tiles.png">
      <Filter>Resource Files</Filter>
    </Image>
    <Image Include="Img\exit.png">
      <Filter>Resource Files</Filter>
    </Image>
    <Image Include="Img\resume.png">
      <Filter>Resource Files</Filter>
    </Image>
    <Image Include="Img\foreground.png">
      <Filter>Resource Files</Filter>
    </Image>
    <Image Include="Img\far-buildings.png">
      <Filter>Resource Files</Filter>
    </Image>
    <Image Include="Img\bg-2.png">
      <Filter>Resource Files</Filter>
    </Image>
    <Image Include="Img\title-screen.png">
      <Filter>Resource Files</Filter>
    </Image>
    <Image Include="Img\credits-text.png">
      <Filter>Resource Files</Filter>
    </Image>
    <Image Include="Img\button\Back  col_Button.png">
      <Filter>Resource Files</Filter>
    </Image>
    <Image Include="Img\button\Continue  col_Button.png">
      <Filter>Resource Files</Filter>
    </Image>
    <Image Include="Img\button\Controls  col_Button.png">
      <Filter>Resource Files</Filter>
    </Image>
    <Image Include="Img\button\Exit  col_Button.png">
      <Filter>Resource Files</Filter>
    </Image>
    <Image Include="Img\button\Load  col_Button.png">
      <Filter>Resource Files</Filter>
    </Image>
    <Image Include="Img\button\New Game  col_Button.png">
      <Filter>Resource Files</Filter>
    </Image>
    <Image Include="Img\button\Options  col_Button.png">
      <Filter>Resource Files</Filter>
    </Image>
    <Image Include="Img\button\Play col_Button.png">
      <Filter>Resource Files</Filter>
    </Image>
    <Image Include="Img\button\Settings  col_Button.png">
      <Filter>Resource Files</Filter>
    </Image>
    <Image Include="Img\button\Start  col_Button.png">
      <Filter>Resource Files</Filter>
    </Image>
    <Image Include="Img\Menu_Button.png">
      <Filter>Resource Files</Filter>
    </Image>
    <Image Include="Img\Quit_Button.png">
      <Filter>Resource Files</Filter>
    </Image>
    <Image Include="Img\Resume_Button.png">
      <Filter>Resource Files</Filter>
    </Image>
    <Image Include="Img\Exit_Button.png">
      <Filter>Resource Files</Filter>
    </Image>
    <Image Include="Img\v-yellow.png">
      <Filter>Resource Files</Filter>
    </Image>
    <Image Include="Img\Sprites.png">
      <Filter>Resource Files</Filter>
    </Image>
  </ItemGroup>
  <ItemGroup>
    <Text Include="Dat\Level1.txt">
      <Filter>Resource Files</Filter>
    </Text>
    <Text Include="Dat\Tiledata.txt">
      <Filter>Resource Files</Filter>
    </Text>
  </ItemGroup>
</Project>